
Microsoft Visual Studio Solution File, Format Version 12.00
# Visual Studio 2013
VisualStudioVersion = 12.0.40629.0
MinimumVisualStudioVersion = 10.0.40219.1
Project("{FAE04EC0-301F-11D3-BF4B-00C04F79EFBC}") = "Layouts", "Layouts\Layouts.csproj", "{88398B75-14FC-4920-A6C4-13C5D1F7A9EE}"
EndProject
Global
	GlobalSection(SolutionConfigurationPlatforms) = preSolution
		Debug|Any CPU = Debug|Any CPU
		Release|Any CPU = Release|Any CPU
	EndGlobalSection
	GlobalSection(ProjectConfigurationPlatforms) = postSolution
		{88398B75-14FC-4920-A6C4-13C5D1F7A9EE}.Debug|Any CPU.ActiveCfg = Debug|Any CPU
		{88398B75-14FC-4920-A6C4-13C5D1F7A9EE}.Debug|Any CPU.Build.0 = Debug|Any CPU
		{88398B75-14FC-4920-A6C4-13C5D1F7A9EE}.Release|Any CPU.ActiveCfg = Release|Any CPU
		{88398B75-14FC-4920-A6C4-13C5D1F7A9EE}.Release|Any CPU.Build.0 = Release|Any CPU
	EndGlobalSection
	GlobalSection(SolutionProperties) = preSolution
		HideSolutionNode = FALSE
	EndGlobalSection
EndGlobal
